
Microsoft Visual Studio Solution File, Format Version 12.00
# Visual Studio Version 17
VisualStudioVersion = 17.13.35919.96
MinimumVisualStudioVersion = 10.0.40219.1
Project("{FAE04EC0-301F-11D3-BF4B-00C04F79EFBC}") = "RecipeFinderAPI", "RecipeFinderAPI\RecipeFinderAPI.csproj", "{F2D77C07-0310-4B75-8103-3E0D67773476}"
EndProject
Project("{FAE04EC0-301F-11D3-BF4B-00C04F79EFBC}") = "RecipeFinderMVC", "RecipeFinderMVC\RecipeFinderMVC.csproj", "{FF50CAB8-A122-4BFD-87EC-D4A4218B4F84}"
EndProject
Project("{2150E333-8FDC-42A3-9474-1A3956D46DE8}") = "Solution Items", "Solution Items", "{8EC462FD-D22E-90A8-E5CE-7E832BA40C5D}"
	ProjectSection(SolutionItems) = preProject
		Readme.md = Readme.md
	EndProjectSection
EndProject
Global
	GlobalSection(SolutionConfigurationPlatforms) = preSolution
		Debug|Any CPU = Debug|Any CPU
		Release|Any CPU = Release|Any CPU
	EndGlobalSection
	GlobalSection(ProjectConfigurationPlatforms) = postSolution
		{F2D77C07-0310-4B75-8103-3E0D67773476}.Debug|Any CPU.ActiveCfg = Debug|Any CPU
		{F2D77C07-0310-4B75-8103-3E0D67773476}.Debug|Any CPU.Build.0 = Debug|Any CPU
		{F2D77C07-0310-4B75-8103-3E0D67773476}.Release|Any CPU.ActiveCfg = Release|Any CPU
		{F2D77C07-0310-4B75-8103-3E0D67773476}.Release|Any CPU.Build.0 = Release|Any CPU
		{FF50CAB8-A122-4BFD-87EC-D4A4218B4F84}.Debug|Any CPU.ActiveCfg = Debug|Any CPU
		{FF50CAB8-A122-4BFD-87EC-D4A4218B4F84}.Debug|Any CPU.Build.0 = Debug|Any CPU
		{FF50CAB8-A122-4BFD-87EC-D4A4218B4F84}.Release|Any CPU.ActiveCfg = Release|Any CPU
		{FF50CAB8-A122-4BFD-87EC-D4A4218B4F84}.Release|Any CPU.Build.0 = Release|Any CPU
	EndGlobalSection
	GlobalSection(SolutionProperties) = preSolution
		HideSolutionNode = FALSE
	EndGlobalSection
	GlobalSection(ExtensibilityGlobals) = postSolution
		SolutionGuid = {9F3642D1-421B-4767-9CC3-A6D612E2C184}
	EndGlobalSection
EndGlobal
